
Microsoft Visual Studio Solution File, Format Version 12.00
# Visual Studio Version 16
VisualStudioVersion = 16.0.31829.152
MinimumVisualStudioVersion = 10.0.40219.1
Project("{FAE04EC0-301F-11D3-BF4B-00C04F79EFBC}") = "Task 4.2 LoopDo", "Task 4.2 LoopDo\Task 4.2 LoopDo.csproj", "{A655C38C-42D5-4AE5-A4E3-6851A90CCBFC}"
EndProject
Project("{FAE04EC0-301F-11D3-BF4B-00C04F79EFBC}") = "Task 4.3 LoopWhile", "Task 4.3 LoopWhile\Task 4.3 LoopWhile.csproj", "{5FC0AB86-855C-4752-9335-D3CCC6619CD9}"
EndProject
Project("{FAE04EC0-301F-11D3-BF4B-00C04F79EFBC}") = "Task 4.1 LoopFor", "Task 4.1 LoopFor\Task 4.1 LoopFor.csproj", "{F6752B15-D0C2-4EF7-89F2-356840AB94ED}"
EndProject
Global
	GlobalSection(SolutionConfigurationPlatforms) = preSolution
		Debug|Any CPU = Debug|Any CPU
		Release|Any CPU = Release|Any CPU
	EndGlobalSection
	GlobalSection(ProjectConfigurationPlatforms) = postSolution
		{A655C38C-42D5-4AE5-A4E3-6851A90CCBFC}.Debug|Any CPU.ActiveCfg = Debug|Any CPU
		{A655C38C-42D5-4AE5-A4E3-6851A90CCBFC}.Debug|Any CPU.Build.0 = Debug|Any CPU
		{A655C38C-42D5-4AE5-A4E3-6851A90CCBFC}.Release|Any CPU.ActiveCfg = Release|Any CPU
		{A655C38C-42D5-4AE5-A4E3-6851A90CCBFC}.Release|Any CPU.Build.0 = Release|Any CPU
		{5FC0AB86-855C-4752-9335-D3CCC6619CD9}.Debug|Any CPU.ActiveCfg = Debug|Any CPU
		{5FC0AB86-855C-4752-9335-D3CCC6619CD9}.Debug|Any CPU.Build.0 = Debug|Any CPU
		{5FC0AB86-855C-4752-9335-D3CCC6619CD9}.Release|Any CPU.ActiveCfg = Release|Any CPU
		{5FC0AB86-855C-4752-9335-D3CCC6619CD9}.Release|Any CPU.Build.0 = Release|Any CPU
		{F6752B15-D0C2-4EF7-89F2-356840AB94ED}.Debug|Any CPU.ActiveCfg = Debug|Any CPU
		{F6752B15-D0C2-4EF7-89F2-356840AB94ED}.Debug|Any CPU.Build.0 = Debug|Any CPU
		{F6752B15-D0C2-4EF7-89F2-356840AB94ED}.Release|Any CPU.ActiveCfg = Release|Any CPU
		{F6752B15-D0C2-4EF7-89F2-356840AB94ED}.Release|Any CPU.Build.0 = Release|Any CPU
	EndGlobalSection
	GlobalSection(SolutionProperties) = preSolution
		HideSolutionNode = FALSE
	EndGlobalSection
	GlobalSection(ExtensibilityGlobals) = postSolution
		SolutionGuid = {912A18B9-FB16-4814-8363-C4DC861F7D51}
	EndGlobalSection
EndGlobal
